
Microsoft Visual Studio Solution File, Format Version 12.00
# Visual Studio Version 17
VisualStudioVersion = 17.3.32929.385
MinimumVisualStudioVersion = 10.0.40219.1
Project("{FAE04EC0-301F-11D3-BF4B-00C04F79EFBC}") = "TP2-P24-MEC-JA", "TP2-P24-MEC-JA\TP2-P24-MEC-JA.csproj", "{6202C906-607D-4D99-AB7F-05B88587A2FF}"
EndProject
Global
	GlobalSection(SolutionConfigurationPlatforms) = preSolution
		Debug|Any CPU = Debug|Any CPU
		Release|Any CPU = Release|Any CPU
	EndGlobalSection
	GlobalSection(ProjectConfigurationPlatforms) = postSolution
		{6202C906-607D-4D99-AB7F-05B88587A2FF}.Debug|Any CPU.ActiveCfg = Debug|Any CPU
		{6202C906-607D-4D99-AB7F-05B88587A2FF}.Debug|Any CPU.Build.0 = Debug|Any CPU
		{6202C906-607D-4D99-AB7F-05B88587A2FF}.Release|Any CPU.ActiveCfg = Release|Any CPU
		{6202C906-607D-4D99-AB7F-05B88587A2FF}.Release|Any CPU.Build.0 = Release|Any CPU
	EndGlobalSection
	GlobalSection(SolutionProperties) = preSolution
		HideSolutionNode = FALSE
	EndGlobalSection
	GlobalSection(ExtensibilityGlobals) = postSolution
		SolutionGuid = {40F3BED0-0EF9-4659-BA3E-C61A9248B78B}
	EndGlobalSection
EndGlobal
